
Microsoft Visual Studio Solution File, Format Version 12.00
# Visual Studio 15
VisualStudioVersion = 15.0.27130.2010
MinimumVisualStudioVersion = 10.0.40219.1
Project("{FAE04EC0-301F-11D3-BF4B-00C04F79EFBC}") = "ConsignmentShopUI", "ConsignmentShopUI\ConsignmentShopUI.csproj", "{F6033574-C4BE-4841-A2FA-68D140673739}"
EndProject
Project("{FAE04EC0-301F-11D3-BF4B-00C04F79EFBC}") = "ConsignmentShopLibrary", "ConsignmentShopLibrary\ConsignmentShopLibrary.csproj", "{82F2F17B-6520-4BA1-92DB-707BB2DCD6C5}"
EndProject
Global
	GlobalSection(SolutionConfigurationPlatforms) = preSolution
		Debug|Any CPU = Debug|Any CPU
		Release|Any CPU = Release|Any CPU
	EndGlobalSection
	GlobalSection(ProjectConfigurationPlatforms) = postSolution
		{F6033574-C4BE-4841-A2FA-68D140673739}.Debug|Any CPU.ActiveCfg = Debug|Any CPU
		{F6033574-C4BE-4841-A2FA-68D140673739}.Debug|Any CPU.Build.0 = Debug|Any CPU
		{F6033574-C4BE-4841-A2FA-68D140673739}.Release|Any CPU.ActiveCfg = Release|Any CPU
		{F6033574-C4BE-4841-A2FA-68D140673739}.Release|Any CPU.Build.0 = Release|Any CPU
		{82F2F17B-6520-4BA1-92DB-707BB2DCD6C5}.Debug|Any CPU.ActiveCfg = Debug|Any CPU
		{82F2F17B-6520-4BA1-92DB-707BB2DCD6C5}.Debug|Any CPU.Build.0 = Debug|Any CPU
		{82F2F17B-6520-4BA1-92DB-707BB2DCD6C5}.Release|Any CPU.ActiveCfg = Release|Any CPU
		{82F2F17B-6520-4BA1-92DB-707BB2DCD6C5}.Release|Any CPU.Build.0 = Release|Any CPU
	EndGlobalSection
	GlobalSection(SolutionProperties) = preSolution
		HideSolutionNode = FALSE
	EndGlobalSection
	GlobalSection(ExtensibilityGlobals) = postSolution
		SolutionGuid = {3CB1F6EF-0D2D-4C82-9ACE-8819133AD0BC}
	EndGlobalSection
EndGlobal
